// !$*UTF8*$!
{
	archiveVersion = 1;
	classes = {
	};
	objectVersion = 56;
	objects = {

/* Begin PBXBuildFile section */
		555426A21EC0FCB16AACE207 /* Pods_SFuentesEcommerce.framework in Frameworks */ = {isa = PBXBuildFile; fileRef = 1A53149A72FED2F831AAF571 /* Pods_SFuentesEcommerce.framework */; };
		F705EF2A28DB94A20092859D /* Conexion.swift in Sources */ = {isa = PBXBuildFile; fileRef = F705EF2928DB94A20092859D /* Conexion.swift */; };
		F70D849728EDF4CE00DF92E8 /* LoginViewController.swift in Sources */ = {isa = PBXBuildFile; fileRef = F70D849628EDF4CE00DF92E8 /* LoginViewController.swift */; };
		F712FAE928DCCFBA0082A2A2 /* Result.swift in Sources */ = {isa = PBXBuildFile; fileRef = F712FAE828DCCFBA0082A2A2 /* Result.swift */; };
		F712FAEB28DD223B0082A2A2 /* UserViewController.swift in Sources */ = {isa = PBXBuildFile; fileRef = F712FAEA28DD223B0082A2A2 /* UserViewController.swift */; };
		F7270F5C28ECB0A100D27303 /* ProductoCollectionCell.swift in Sources */ = {isa = PBXBuildFile; fileRef = F7270F5A28ECB0A100D27303 /* ProductoCollectionCell.swift */; };
		F7270F5D28ECB0A100D27303 /* ProductoCollectionCell.xib in Resources */ = {isa = PBXBuildFile; fileRef = F7270F5B28ECB0A100D27303 /* ProductoCollectionCell.xib */; };
		F7270F5F28ECB21800D27303 /* ProductoCollectionViewController.swift in Sources */ = {isa = PBXBuildFile; fileRef = F7270F5E28ECB21800D27303 /* ProductoCollectionViewController.swift */; };
		F72978832901A43800CBA812 /* FirebaseAnalytics in Frameworks */ = {isa = PBXBuildFile; productRef = F72978822901A43800CBA812 /* FirebaseAnalytics */; };
		F72AC57A28FF1814005B6141 /* GoogleService-Info.plist in Resources */ = {isa = PBXBuildFile; fileRef = F72AC57928FF1814005B6141 /* GoogleService-Info.plist */; };
		F72AC57D28FF1C92005B6141 /* FirebaseAuth in Frameworks */ = {isa = PBXBuildFile; productRef = F72AC57C28FF1C92005B6141 /* FirebaseAuth */; };
		F72AC57F28FF1C92005B6141 /* FirebaseFirestore in Frameworks */ = {isa = PBXBuildFile; productRef = F72AC57E28FF1C92005B6141 /* FirebaseFirestore */; };
		F75380CA28F9DF5900BCE157 /* ProductoAddViewController.swift in Sources */ = {isa = PBXBuildFile; fileRef = F75380C928F9DF5900BCE157 /* ProductoAddViewController.swift */; };
		F76F904A28DA3C9A00C8919A /* AppDelegate.swift in Sources */ = {isa = PBXBuildFile; fileRef = F76F904928DA3C9A00C8919A /* AppDelegate.swift */; };
		F76F904C28DA3C9A00C8919A /* SceneDelegate.swift in Sources */ = {isa = PBXBuildFile; fileRef = F76F904B28DA3C9A00C8919A /* SceneDelegate.swift */; };
		F76F904E28DA3C9A00C8919A /* ViewController.swift in Sources */ = {isa = PBXBuildFile; fileRef = F76F904D28DA3C9A00C8919A /* ViewController.swift */; };
		F76F905128DA3C9A00C8919A /* Main.storyboard in Resources */ = {isa = PBXBuildFile; fileRef = F76F904F28DA3C9A00C8919A /* Main.storyboard */; };
		F76F905428DA3C9A00C8919A /* SFuentesEcommerce.xcdatamodeld in Sources */ = {isa = PBXBuildFile; fileRef = F76F905228DA3C9A00C8919A /* SFuentesEcommerce.xcdatamodeld */; };
		F76F905628DA3C9B00C8919A /* Assets.xcassets in Resources */ = {isa = PBXBuildFile; fileRef = F76F905528DA3C9B00C8919A /* Assets.xcassets */; };
		F76F905928DA3C9B00C8919A /* LaunchScreen.storyboard in Resources */ = {isa = PBXBuildFile; fileRef = F76F905728DA3C9B00C8919A /* LaunchScreen.storyboard */; };
		F76F906428DA3D6B00C8919A /* Usuario.swift in Sources */ = {isa = PBXBuildFile; fileRef = F76F906328DA3D6B00C8919A /* Usuario.swift */; };
		F782D33E28FDBCF700EBA229 /* RadioGroup.framework in Frameworks */ = {isa = PBXBuildFile; fileRef = F782D33D28FDBCF700EBA229 /* RadioGroup.framework */; };
		F782D34328FDD12300EBA229 /* ProveedorViewController.swift in Sources */ = {isa = PBXBuildFile; fileRef = F782D34228FDD12300EBA229 /* ProveedorViewController.swift */; };
		F782D34528FDD15600EBA229 /* ProveedorTableViewController.swift in Sources */ = {isa = PBXBuildFile; fileRef = F782D34428FDD15600EBA229 /* ProveedorTableViewController.swift */; };
		F782D34828FDD1C300EBA229 /* ProveedorViewCell.swift in Sources */ = {isa = PBXBuildFile; fileRef = F782D34628FDD1C300EBA229 /* ProveedorViewCell.swift */; };
		F782D34928FDD1C300EBA229 /* ProveedorViewCell.xib in Resources */ = {isa = PBXBuildFile; fileRef = F782D34728FDD1C300EBA229 /* ProveedorViewCell.xib */; };
		F783FBFB28DE30010004E356 /* UsuarioCell.swift in Sources */ = {isa = PBXBuildFile; fileRef = F783FBF928DE30010004E356 /* UsuarioCell.swift */; };
		F783FBFC28DE30010004E356 /* UsuarioCell.xib in Resources */ = {isa = PBXBuildFile; fileRef = F783FBFA28DE30010004E356 /* UsuarioCell.xib */; };
		F79D64D328E3954600B13087 /* Producto.swift in Sources */ = {isa = PBXBuildFile; fileRef = F79D64D228E3954600B13087 /* Producto.swift */; };
		F79D64D528E395DD00B13087 /* Area.swift in Sources */ = {isa = PBXBuildFile; fileRef = F79D64D428E395DD00B13087 /* Area.swift */; };
		F79D64D728E3967A00B13087 /* Proveedor.swift in Sources */ = {isa = PBXBuildFile; fileRef = F79D64D628E3967900B13087 /* Proveedor.swift */; };
		F79D64D928E3968E00B13087 /* Departamento.swift in Sources */ = {isa = PBXBuildFile; fileRef = F79D64D828E3968E00B13087 /* Departamento.swift */; };
		F79D64DB28E39D7600B13087 /* ProductoViewController.swift in Sources */ = {isa = PBXBuildFile; fileRef = F79D64DA28E39D7600B13087 /* ProductoViewController.swift */; };
		F79D64DD28E39DB300B13087 /* ProductoTableViewController.swift in Sources */ = {isa = PBXBuildFile; fileRef = F79D64DC28E39DB300B13087 /* ProductoTableViewController.swift */; };
		F79D64E028E3A2B900B13087 /* ProductoCell.swift in Sources */ = {isa = PBXBuildFile; fileRef = F79D64DE28E3A2B800B13087 /* ProductoCell.swift */; };
		F79D64E128E3A2B900B13087 /* ProductoCell.xib in Resources */ = {isa = PBXBuildFile; fileRef = F79D64DF28E3A2B900B13087 /* ProductoCell.xib */; };
		F7A1E18828F4A05D001F1E07 /* AreaCollectionViewController.swift in Sources */ = {isa = PBXBuildFile; fileRef = F7A1E18728F4A05D001F1E07 /* AreaCollectionViewController.swift */; };
		F7A1E19328F4BF0B001F1E07 /* AreaCollectionCell.swift in Sources */ = {isa = PBXBuildFile; fileRef = F7A1E19128F4BF0B001F1E07 /* AreaCollectionCell.swift */; };
		F7A1E19428F4BF0B001F1E07 /* AreaCollectionCell.xib in Resources */ = {isa = PBXBuildFile; fileRef = F7A1E19228F4BF0B001F1E07 /* AreaCollectionCell.xib */; };
		F7A1E19628F4D29E001F1E07 /* DepartamentoCollectionViewController.swift in Sources */ = {isa = PBXBuildFile; fileRef = F7A1E19528F4D29E001F1E07 /* DepartamentoCollectionViewController.swift */; };
		F7A1E19928F4D535001F1E07 /* DepartamentoCollectionCell.swift in Sources */ = {isa = PBXBuildFile; fileRef = F7A1E19728F4D535001F1E07 /* DepartamentoCollectionCell.swift */; };
		F7A1E19A28F4D535001F1E07 /* DepartamentoCollectionCell.xib in Resources */ = {isa = PBXBuildFile; fileRef = F7A1E19828F4D535001F1E07 /* DepartamentoCollectionCell.xib */; };
		F7A6DA8228F0E94E0046647F /* iOSDropDown.framework in Frameworks */ = {isa = PBXBuildFile; fileRef = F7A6DA8128F0E94E0046647F /* iOSDropDown.framework */; };
		F7E5785A28F887750083F6D0 /* ProductoCardCollectionViewController.swift in Sources */ = {isa = PBXBuildFile; fileRef = F7E5785928F887750083F6D0 /* ProductoCardCollectionViewController.swift */; };
/* End PBXBuildFile section */

/* Begin PBXFileReference section */
		0E84B37B64C33652D7F1E19A /* Pods-SFuentesEcommerce.release.xcconfig */ = {isa = PBXFileReference; includeInIndex = 1; lastKnownFileType = text.xcconfig; name = "Pods-SFuentesEcommerce.release.xcconfig"; path = "Target Support Files/Pods-SFuentesEcommerce/Pods-SFuentesEcommerce.release.xcconfig"; sourceTree = "<group>"; };
		1A53149A72FED2F831AAF571 /* Pods_SFuentesEcommerce.framework */ = {isa = PBXFileReference; explicitFileType = wrapper.framework; includeInIndex = 0; path = Pods_SFuentesEcommerce.framework; sourceTree = BUILT_PRODUCTS_DIR; };
		676A9C5184913E74AC565866 /* Pods-SFuentesEcommerce.debug.xcconfig */ = {isa = PBXFileReference; includeInIndex = 1; lastKnownFileType = text.xcconfig; name = "Pods-SFuentesEcommerce.debug.xcconfig"; path = "Target Support Files/Pods-SFuentesEcommerce/Pods-SFuentesEcommerce.debug.xcconfig"; sourceTree = "<group>"; };
		F705EF2928DB94A20092859D /* Conexion.swift */ = {isa = PBXFileReference; lastKnownFileType = sourcecode.swift; path = Conexion.swift; sourceTree = "<group>"; };
		F70D849628EDF4CE00DF92E8 /* LoginViewController.swift */ = {isa = PBXFileReference; lastKnownFileType = sourcecode.swift; path = LoginViewController.swift; sourceTree = "<group>"; };
		F712FAE828DCCFBA0082A2A2 /* Result.swift */ = {isa = PBXFileReference; lastKnownFileType = sourcecode.swift; path = Result.swift; sourceTree = "<group>"; };
		F712FAEA28DD223B0082A2A2 /* UserViewController.swift */ = {isa = PBXFileReference; lastKnownFileType = sourcecode.swift; path = UserViewController.swift; sourceTree = "<group>"; };
		F7270F5A28ECB0A100D27303 /* ProductoCollectionCell.swift */ = {isa = PBXFileReference; lastKnownFileType = sourcecode.swift; path = ProductoCollectionCell.swift; sourceTree = "<group>"; };
		F7270F5B28ECB0A100D27303 /* ProductoCollectionCell.xib */ = {isa = PBXFileReference; lastKnownFileType = file.xib; path = ProductoCollectionCell.xib; sourceTree = "<group>"; };
		F7270F5E28ECB21800D27303 /* ProductoCollectionViewController.swift */ = {isa = PBXFileReference; lastKnownFileType = sourcecode.swift; path = ProductoCollectionViewController.swift; sourceTree = "<group>"; };
		F72AC57928FF1814005B6141 /* GoogleService-Info.plist */ = {isa = PBXFileReference; fileEncoding = 4; lastKnownFileType = text.plist.xml; path = "GoogleService-Info.plist"; sourceTree = "<group>"; };
		F75380C928F9DF5900BCE157 /* ProductoAddViewController.swift */ = {isa = PBXFileReference; lastKnownFileType = sourcecode.swift; path = ProductoAddViewController.swift; sourceTree = "<group>"; };
		F76F904628DA3C9A00C8919A /* SFuentesEcommerce.app */ = {isa = PBXFileReference; explicitFileType = wrapper.application; includeInIndex = 0; path = SFuentesEcommerce.app; sourceTree = BUILT_PRODUCTS_DIR; };
		F76F904928DA3C9A00C8919A /* AppDelegate.swift */ = {isa = PBXFileReference; lastKnownFileType = sourcecode.swift; path = AppDelegate.swift; sourceTree = "<group>"; };
		F76F904B28DA3C9A00C8919A /* SceneDelegate.swift */ = {isa = PBXFileReference; lastKnownFileType = sourcecode.swift; path = SceneDelegate.swift; sourceTree = "<group>"; };
		F76F904D28DA3C9A00C8919A /* ViewController.swift */ = {isa = PBXFileReference; lastKnownFileType = sourcecode.swift; path = ViewController.swift; sourceTree = "<group>"; };
		F76F905028DA3C9A00C8919A /* Base */ = {isa = PBXFileReference; lastKnownFileType = file.storyboard; name = Base; path = Base.lproj/Main.storyboard; sourceTree = "<group>"; };
		F76F905328DA3C9A00C8919A /* SFuentesEcommerce.xcdatamodel */ = {isa = PBXFileReference; lastKnownFileType = wrapper.xcdatamodel; path = SFuentesEcommerce.xcdatamodel; sourceTree = "<group>"; };
		F76F905528DA3C9B00C8919A /* Assets.xcassets */ = {isa = PBXFileReference; lastKnownFileType = folder.assetcatalog; path = Assets.xcassets; sourceTree = "<group>"; };
		F76F905828DA3C9B00C8919A /* Base */ = {isa = PBXFileReference; lastKnownFileType = file.storyboard; name = Base; path = Base.lproj/LaunchScreen.storyboard; sourceTree = "<group>"; };
		F76F905A28DA3C9B00C8919A /* Info.plist */ = {isa = PBXFileReference; lastKnownFileType = text.plist.xml; path = Info.plist; sourceTree = "<group>"; };
		F76F906328DA3D6B00C8919A /* Usuario.swift */ = {isa = PBXFileReference; lastKnownFileType = sourcecode.swift; name = Usuario.swift; path = SFuentesEcommerce/Model/Usuario/Usuario.swift; sourceTree = SOURCE_ROOT; };
		F782D33D28FDBCF700EBA229 /* RadioGroup.framework */ = {isa = PBXFileReference; explicitFileType = wrapper.framework; path = RadioGroup.framework; sourceTree = BUILT_PRODUCTS_DIR; };
		F782D34228FDD12300EBA229 /* ProveedorViewController.swift */ = {isa = PBXFileReference; lastKnownFileType = sourcecode.swift; path = ProveedorViewController.swift; sourceTree = "<group>"; };
		F782D34428FDD15600EBA229 /* ProveedorTableViewController.swift */ = {isa = PBXFileReference; lastKnownFileType = sourcecode.swift; path = ProveedorTableViewController.swift; sourceTree = "<group>"; };
		F782D34628FDD1C300EBA229 /* ProveedorViewCell.swift */ = {isa = PBXFileReference; lastKnownFileType = sourcecode.swift; path = ProveedorViewCell.swift; sourceTree = "<group>"; };
		F782D34728FDD1C300EBA229 /* ProveedorViewCell.xib */ = {isa = PBXFileReference; lastKnownFileType = file.xib; path = ProveedorViewCell.xib; sourceTree = "<group>"; };
		F783FBF928DE30010004E356 /* UsuarioCell.swift */ = {isa = PBXFileReference; lastKnownFileType = sourcecode.swift; path = UsuarioCell.swift; sourceTree = "<group>"; };
		F783FBFA28DE30010004E356 /* UsuarioCell.xib */ = {isa = PBXFileReference; lastKnownFileType = file.xib; path = UsuarioCell.xib; sourceTree = "<group>"; };
		F79D64D228E3954600B13087 /* Producto.swift */ = {isa = PBXFileReference; lastKnownFileType = sourcecode.swift; path = Producto.swift; sourceTree = "<group>"; };
		F79D64D428E395DD00B13087 /* Area.swift */ = {isa = PBXFileReference; lastKnownFileType = sourcecode.swift; path = Area.swift; sourceTree = "<group>"; };
		F79D64D628E3967900B13087 /* Proveedor.swift */ = {isa = PBXFileReference; lastKnownFileType = sourcecode.swift; path = Proveedor.swift; sourceTree = "<group>"; };
		F79D64D828E3968E00B13087 /* Departamento.swift */ = {isa = PBXFileReference; lastKnownFileType = sourcecode.swift; path = Departamento.swift; sourceTree = "<group>"; };
		F79D64DA28E39D7600B13087 /* ProductoViewController.swift */ = {isa = PBXFileReference; lastKnownFileType = sourcecode.swift; path = ProductoViewController.swift; sourceTree = "<group>"; };
		F79D64DC28E39DB300B13087 /* ProductoTableViewController.swift */ = {isa = PBXFileReference; lastKnownFileType = sourcecode.swift; path = ProductoTableViewController.swift; sourceTree = "<group>"; };
		F79D64DE28E3A2B800B13087 /* ProductoCell.swift */ = {isa = PBXFileReference; lastKnownFileType = sourcecode.swift; path = ProductoCell.swift; sourceTree = "<group>"; };
		F79D64DF28E3A2B900B13087 /* ProductoCell.xib */ = {isa = PBXFileReference; lastKnownFileType = file.xib; path = ProductoCell.xib; sourceTree = "<group>"; };
		F7A1E18728F4A05D001F1E07 /* AreaCollectionViewController.swift */ = {isa = PBXFileReference; lastKnownFileType = sourcecode.swift; path = AreaCollectionViewController.swift; sourceTree = "<group>"; };
		F7A1E19128F4BF0B001F1E07 /* AreaCollectionCell.swift */ = {isa = PBXFileReference; lastKnownFileType = sourcecode.swift; path = AreaCollectionCell.swift; sourceTree = "<group>"; };
		F7A1E19228F4BF0B001F1E07 /* AreaCollectionCell.xib */ = {isa = PBXFileReference; lastKnownFileType = file.xib; path = AreaCollectionCell.xib; sourceTree = "<group>"; };
		F7A1E19528F4D29E001F1E07 /* DepartamentoCollectionViewController.swift */ = {isa = PBXFileReference; lastKnownFileType = sourcecode.swift; path = DepartamentoCollectionViewController.swift; sourceTree = "<group>"; };
		F7A1E19728F4D535001F1E07 /* DepartamentoCollectionCell.swift */ = {isa = PBXFileReference; lastKnownFileType = sourcecode.swift; path = DepartamentoCollectionCell.swift; sourceTree = "<group>"; };
		F7A1E19828F4D535001F1E07 /* DepartamentoCollectionCell.xib */ = {isa = PBXFileReference; lastKnownFileType = file.xib; path = DepartamentoCollectionCell.xib; sourceTree = "<group>"; };
		F7A6DA8128F0E94E0046647F /* iOSDropDown.framework */ = {isa = PBXFileReference; explicitFileType = wrapper.framework; path = iOSDropDown.framework; sourceTree = BUILT_PRODUCTS_DIR; };
		F7E5785928F887750083F6D0 /* ProductoCardCollectionViewController.swift */ = {isa = PBXFileReference; lastKnownFileType = sourcecode.swift; path = ProductoCardCollectionViewController.swift; sourceTree = "<group>"; };
/* End PBXFileReference section */

/* Begin PBXFrameworksBuildPhase section */
		F76F904328DA3C9A00C8919A /* Frameworks */ = {
			isa = PBXFrameworksBuildPhase;
			buildActionMask = 2147483647;
			files = (
				F782D33E28FDBCF700EBA229 /* RadioGroup.framework in Frameworks */,
				F7A6DA8228F0E94E0046647F /* iOSDropDown.framework in Frameworks */,
				F72978832901A43800CBA812 /* FirebaseAnalytics in Frameworks */,
				555426A21EC0FCB16AACE207 /* Pods_SFuentesEcommerce.framework in Frameworks */,
				F72AC57F28FF1C92005B6141 /* FirebaseFirestore in Frameworks */,
				F72AC57D28FF1C92005B6141 /* FirebaseAuth in Frameworks */,
			);
			runOnlyForDeploymentPostprocessing = 0;
		};
/* End PBXFrameworksBuildPhase section */

/* Begin PBXGroup section */
		8360EEE508584E4FA6D8305E /* Pods */ = {
			isa = PBXGroup;
			children = (
				676A9C5184913E74AC565866 /* Pods-SFuentesEcommerce.debug.xcconfig */,
				0E84B37B64C33652D7F1E19A /* Pods-SFuentesEcommerce.release.xcconfig */,
			);
			path = Pods;
			sourceTree = "<group>";
		};
		ABCD314056906E7426D34CD5 /* Frameworks */ = {
			isa = PBXGroup;
			children = (
				F782D33D28FDBCF700EBA229 /* RadioGroup.framework */,
				F7A6DA8128F0E94E0046647F /* iOSDropDown.framework */,
				1A53149A72FED2F831AAF571 /* Pods_SFuentesEcommerce.framework */,
			);
			name = Frameworks;
			sourceTree = "<group>";
		};
		F76F903D28DA3C9A00C8919A = {
			isa = PBXGroup;
			children = (
				F76F904828DA3C9A00C8919A /* SFuentesEcommerce */,
				F76F904728DA3C9A00C8919A /* Products */,
				8360EEE508584E4FA6D8305E /* Pods */,
				ABCD314056906E7426D34CD5 /* Frameworks */,
			);
			sourceTree = "<group>";
		};
		F76F904728DA3C9A00C8919A /* Products */ = {
			isa = PBXGroup;
			children = (
				F76F904628DA3C9A00C8919A /* SFuentesEcommerce.app */,
			);
			name = Products;
			sourceTree = "<group>";
		};
		F76F904828DA3C9A00C8919A /* SFuentesEcommerce */ = {
			isa = PBXGroup;
			children = (
				F76F904928DA3C9A00C8919A /* AppDelegate.swift */,
				F76F904B28DA3C9A00C8919A /* SceneDelegate.swift */,
				F76F906028DA3CCD00C8919A /* Model */,
				F76F906128DA3CD800C8919A /* Controller */,
				F76F906228DA3CEB00C8919A /* View */,
				F76F905528DA3C9B00C8919A /* Assets.xcassets */,
				F76F905728DA3C9B00C8919A /* LaunchScreen.storyboard */,
				F76F905A28DA3C9B00C8919A /* Info.plist */,
				F72AC57928FF1814005B6141 /* GoogleService-Info.plist */,
				F76F905228DA3C9A00C8919A /* SFuentesEcommerce.xcdatamodeld */,
			);
			path = SFuentesEcommerce;
			sourceTree = "<group>";
		};
		F76F906028DA3CCD00C8919A /* Model */ = {
			isa = PBXGroup;
			children = (
				F705EF2928DB94A20092859D /* Conexion.swift */,
				F712FAE828DCCFBA0082A2A2 /* Result.swift */,
				F79D64E328E3A2FB00B13087 /* Usuario */,
				F79D64E228E3A2D200B13087 /* Producto */,
			);
			path = Model;
			sourceTree = "<group>";
		};
		F76F906128DA3CD800C8919A /* Controller */ = {
			isa = PBXGroup;
			children = (
				F70D849628EDF4CE00DF92E8 /* LoginViewController.swift */,
				F782D34128FDD0F200EBA229 /* Proveedor */,
				F79D64E428E3A30E00B13087 /* Usuario */,
				F79D64E528E3A32200B13087 /* Producto */,
			);
			path = Controller;
			sourceTree = "<group>";
		};
		F76F906228DA3CEB00C8919A /* View */ = {
			isa = PBXGroup;
			children = (
				F76F904F28DA3C9A00C8919A /* Main.storyboard */,
				F783FBFA28DE30010004E356 /* UsuarioCell.xib */,
				F79D64DF28E3A2B900B13087 /* ProductoCell.xib */,
				F7270F5B28ECB0A100D27303 /* ProductoCollectionCell.xib */,
				F782D34728FDD1C300EBA229 /* ProveedorViewCell.xib */,
				F7A1E19228F4BF0B001F1E07 /* AreaCollectionCell.xib */,
				F7A1E19828F4D535001F1E07 /* DepartamentoCollectionCell.xib */,
			);
			path = View;
			sourceTree = "<group>";
		};
		F782D34128FDD0F200EBA229 /* Proveedor */ = {
			isa = PBXGroup;
			children = (
				F782D34228FDD12300EBA229 /* ProveedorViewController.swift */,
				F782D34428FDD15600EBA229 /* ProveedorTableViewController.swift */,
				F782D34628FDD1C300EBA229 /* ProveedorViewCell.swift */,
			);
			path = Proveedor;
			sourceTree = "<group>";
		};
		F79D64E228E3A2D200B13087 /* Producto */ = {
			isa = PBXGroup;
			children = (
				F79D64D228E3954600B13087 /* Producto.swift */,
				F79D64D628E3967900B13087 /* Proveedor.swift */,
				F79D64D828E3968E00B13087 /* Departamento.swift */,
				F79D64D428E395DD00B13087 /* Area.swift */,
			);
			path = Producto;
			sourceTree = "<group>";
		};
		F79D64E328E3A2FB00B13087 /* Usuario */ = {
			isa = PBXGroup;
			children = (
				F76F906328DA3D6B00C8919A /* Usuario.swift */,
			);
			path = Usuario;
			sourceTree = "<group>";
		};
		F79D64E428E3A30E00B13087 /* Usuario */ = {
			isa = PBXGroup;
			children = (
				F76F904D28DA3C9A00C8919A /* ViewController.swift */,
				F712FAEA28DD223B0082A2A2 /* UserViewController.swift */,
				F783FBF928DE30010004E356 /* UsuarioCell.swift */,
			);
			path = Usuario;
			sourceTree = "<group>";
		};
		F79D64E528E3A32200B13087 /* Producto */ = {
			isa = PBXGroup;
			children = (
				F7A1E19028F4A224001F1E07 /* ViewController */,
				F7A1E18F28F4A19E001F1E07 /* CellView */,
				F7A1E18E28F4A189001F1E07 /* CollectionController */,
				F7A1E18D28F4A166001F1E07 /* TableController */,
			);
			path = Producto;
			sourceTree = "<group>";
		};
		F7A1E18D28F4A166001F1E07 /* TableController */ = {
			isa = PBXGroup;
			children = (
				F79D64DC28E39DB300B13087 /* ProductoTableViewController.swift */,
			);
			path = TableController;
			sourceTree = "<group>";
		};
		F7A1E18E28F4A189001F1E07 /* CollectionController */ = {
			isa = PBXGroup;
			children = (
				F7270F5E28ECB21800D27303 /* ProductoCollectionViewController.swift */,
				F7A1E18728F4A05D001F1E07 /* AreaCollectionViewController.swift */,
				F7A1E19528F4D29E001F1E07 /* DepartamentoCollectionViewController.swift */,
				F7E5785928F887750083F6D0 /* ProductoCardCollectionViewController.swift */,
			);
			path = CollectionController;
			sourceTree = "<group>";
		};
		F7A1E18F28F4A19E001F1E07 /* CellView */ = {
			isa = PBXGroup;
			children = (
				F7A1E19728F4D535001F1E07 /* DepartamentoCollectionCell.swift */,
				F7270F5A28ECB0A100D27303 /* ProductoCollectionCell.swift */,
				F7A1E19128F4BF0B001F1E07 /* AreaCollectionCell.swift */,
				F79D64DE28E3A2B800B13087 /* ProductoCell.swift */,
			);
			path = CellView;
			sourceTree = "<group>";
		};
		F7A1E19028F4A224001F1E07 /* ViewController */ = {
			isa = PBXGroup;
			children = (
				F79D64DA28E39D7600B13087 /* ProductoViewController.swift */,
				F75380C928F9DF5900BCE157 /* ProductoAddViewController.swift */,
			);
			path = ViewController;
			sourceTree = "<group>";
		};
/* End PBXGroup section */

/* Begin PBXNativeTarget section */
		F76F904528DA3C9A00C8919A /* SFuentesEcommerce */ = {
			isa = PBXNativeTarget;
			buildConfigurationList = F76F905D28DA3C9B00C8919A /* Build configuration list for PBXNativeTarget "SFuentesEcommerce" */;
			buildPhases = (
				95D16E1D3BE431B39B7F77B5 /* [CP] Check Pods Manifest.lock */,
				F76F904228DA3C9A00C8919A /* Sources */,
				F76F904328DA3C9A00C8919A /* Frameworks */,
				F76F904428DA3C9A00C8919A /* Resources */,
				BD9CBE8D709BDBF62FEB450D /* [CP] Embed Pods Frameworks */,
			);
			buildRules = (
			);
			dependencies = (
			);
			name = SFuentesEcommerce;
			packageProductDependencies = (
				F72AC57C28FF1C92005B6141 /* FirebaseAuth */,
				F72AC57E28FF1C92005B6141 /* FirebaseFirestore */,
				F72978822901A43800CBA812 /* FirebaseAnalytics */,
			);
			productName = SFuentesEcommerce;
			productReference = F76F904628DA3C9A00C8919A /* SFuentesEcommerce.app */;
			productType = "com.apple.product-type.application";
		};
/* End PBXNativeTarget section */

/* Begin PBXProject section */
		F76F903E28DA3C9A00C8919A /* Project object */ = {
			isa = PBXProject;
			attributes = {
				BuildIndependentTargetsInParallel = 1;
				LastSwiftUpdateCheck = 1400;
				LastUpgradeCheck = 1400;
				TargetAttributes = {
					F76F904528DA3C9A00C8919A = {
						CreatedOnToolsVersion = 14.0;
					};
				};
			};
			buildConfigurationList = F76F904128DA3C9A00C8919A /* Build configuration list for PBXProject "SFuentesEcommerce" */;
			compatibilityVersion = "Xcode 14.0";
			developmentRegion = en;
			hasScannedForEncodings = 0;
			knownRegions = (
				en,
				Base,
			);
			mainGroup = F76F903D28DA3C9A00C8919A;
			packageReferences = (
				F72AC57B28FF1C92005B6141 /* XCRemoteSwiftPackageReference "firebase-ios-sdk" */,
			);
			productRefGroup = F76F904728DA3C9A00C8919A /* Products */;
			projectDirPath = "";
			projectRoot = "";
			targets = (
				F76F904528DA3C9A00C8919A /* SFuentesEcommerce */,
			);
		};
/* End PBXProject section */

/* Begin PBXResourcesBuildPhase section */
		F76F904428DA3C9A00C8919A /* Resources */ = {
			isa = PBXResourcesBuildPhase;
			buildActionMask = 2147483647;
			files = (
				F79D64E128E3A2B900B13087 /* ProductoCell.xib in Resources */,
				F783FBFC28DE30010004E356 /* UsuarioCell.xib in Resources */,
				F7A1E19428F4BF0B001F1E07 /* AreaCollectionCell.xib in Resources */,
				F782D34928FDD1C300EBA229 /* ProveedorViewCell.xib in Resources */,
				F76F905928DA3C9B00C8919A /* LaunchScreen.storyboard in Resources */,
				F7270F5D28ECB0A100D27303 /* ProductoCollectionCell.xib in Resources */,
				F76F905628DA3C9B00C8919A /* Assets.xcassets in Resources */,
				F72AC57A28FF1814005B6141 /* GoogleService-Info.plist in Resources */,
				F76F905128DA3C9A00C8919A /* Main.storyboard in Resources */,
				F7A1E19A28F4D535001F1E07 /* DepartamentoCollectionCell.xib in Resources */,
			);
			runOnlyForDeploymentPostprocessing = 0;
		};
/* End PBXResourcesBuildPhase section */

/* Begin PBXShellScriptBuildPhase section */
		95D16E1D3BE431B39B7F77B5 /* [CP] Check Pods Manifest.lock */ = {
			isa = PBXShellScriptBuildPhase;
			buildActionMask = 2147483647;
			files = (
			);
			inputFileListPaths = (
			);
			inputPaths = (
				"${PODS_PODFILE_DIR_PATH}/Podfile.lock",
				"${PODS_ROOT}/Manifest.lock",
			);
			name = "[CP] Check Pods Manifest.lock";
			outputFileListPaths = (
			);
			outputPaths = (
				"$(DERIVED_FILE_DIR)/Pods-SFuentesEcommerce-checkManifestLockResult.txt",
			);
			runOnlyForDeploymentPostprocessing = 0;
			shellPath = /bin/sh;
			shellScript = "diff \"${PODS_PODFILE_DIR_PATH}/Podfile.lock\" \"${PODS_ROOT}/Manifest.lock\" > /dev/null\nif [ $? != 0 ] ; then\n    # print error to STDERR\n    echo \"error: The sandbox is not in sync with the Podfile.lock. Run 'pod install' or update your CocoaPods installation.\" >&2\n    exit 1\nfi\n# This output is used by Xcode 'outputs' to avoid re-running this script phase.\necho \"SUCCESS\" > \"${SCRIPT_OUTPUT_FILE_0}\"\n";
			showEnvVarsInLog = 0;
		};
		BD9CBE8D709BDBF62FEB450D /* [CP] Embed Pods Frameworks */ = {
			isa = PBXShellScriptBuildPhase;
			buildActionMask = 2147483647;
			files = (
			);
			inputFileListPaths = (
				"${PODS_ROOT}/Target Support Files/Pods-SFuentesEcommerce/Pods-SFuentesEcommerce-frameworks-${CONFIGURATION}-input-files.xcfilelist",
			);
			name = "[CP] Embed Pods Frameworks";
			outputFileListPaths = (
				"${PODS_ROOT}/Target Support Files/Pods-SFuentesEcommerce/Pods-SFuentesEcommerce-frameworks-${CONFIGURATION}-output-files.xcfilelist",
			);
			runOnlyForDeploymentPostprocessing = 0;
			shellPath = /bin/sh;
			shellScript = "\"${PODS_ROOT}/Target Support Files/Pods-SFuentesEcommerce/Pods-SFuentesEcommerce-frameworks.sh\"\n";
			showEnvVarsInLog = 0;
		};
/* End PBXShellScriptBuildPhase section */

/* Begin PBXSourcesBuildPhase section */
		F76F904228DA3C9A00C8919A /* Sources */ = {
			isa = PBXSourcesBuildPhase;
			buildActionMask = 2147483647;
			files = (
				F76F904E28DA3C9A00C8919A /* ViewController.swift in Sources */,
				F782D34328FDD12300EBA229 /* ProveedorViewController.swift in Sources */,
				F79D64D928E3968E00B13087 /* Departamento.swift in Sources */,
				F782D34828FDD1C300EBA229 /* ProveedorViewCell.swift in Sources */,
				F7270F5C28ECB0A100D27303 /* ProductoCollectionCell.swift in Sources */,
				F7A1E19928F4D535001F1E07 /* DepartamentoCollectionCell.swift in Sources */,
				F712FAEB28DD223B0082A2A2 /* UserViewController.swift in Sources */,
				F70D849728EDF4CE00DF92E8 /* LoginViewController.swift in Sources */,
				F7A1E18828F4A05D001F1E07 /* AreaCollectionViewController.swift in Sources */,
				F76F904A28DA3C9A00C8919A /* AppDelegate.swift in Sources */,
				F783FBFB28DE30010004E356 /* UsuarioCell.swift in Sources */,
				F79D64D728E3967A00B13087 /* Proveedor.swift in Sources */,
				F7E5785A28F887750083F6D0 /* ProductoCardCollectionViewController.swift in Sources */,
				F705EF2A28DB94A20092859D /* Conexion.swift in Sources */,
				F7A1E19628F4D29E001F1E07 /* DepartamentoCollectionViewController.swift in Sources */,
				F7270F5F28ECB21800D27303 /* ProductoCollectionViewController.swift in Sources */,
				F79D64DD28E39DB300B13087 /* ProductoTableViewController.swift in Sources */,
				F7A1E19328F4BF0B001F1E07 /* AreaCollectionCell.swift in Sources */,
				F76F904C28DA3C9A00C8919A /* SceneDelegate.swift in Sources */,
				F712FAE928DCCFBA0082A2A2 /* Result.swift in Sources */,
				F79D64D328E3954600B13087 /* Producto.swift in Sources */,
				F782D34528FDD15600EBA229 /* ProveedorTableViewController.swift in Sources */,
				F76F906428DA3D6B00C8919A /* Usuario.swift in Sources */,
				F79D64D528E395DD00B13087 /* Area.swift in Sources */,
				F79D64E028E3A2B900B13087 /* ProductoCell.swift in Sources */,
				F76F905428DA3C9A00C8919A /* SFuentesEcommerce.xcdatamodeld in Sources */,
				F75380CA28F9DF5900BCE157 /* ProductoAddViewController.swift in Sources */,
				F79D64DB28E39D7600B13087 /* ProductoViewController.swift in Sources */,
			);
			runOnlyForDeploymentPostprocessing = 0;
		};
/* End PBXSourcesBuildPhase section */

/* Begin PBXVariantGroup section */
		F76F904F28DA3C9A00C8919A /* Main.storyboard */ = {
			isa = PBXVariantGroup;
			children = (
				F76F905028DA3C9A00C8919A /* Base */,
			);
			name = Main.storyboard;
			sourceTree = "<group>";
		};
		F76F905728DA3C9B00C8919A /* LaunchScreen.storyboard */ = {
			isa = PBXVariantGroup;
			children = (
				F76F905828DA3C9B00C8919A /* Base */,
			);
			name = LaunchScreen.storyboard;
			sourceTree = "<group>";
		};
/* End PBXVariantGroup section */

/* Begin XCBuildConfiguration section */
		F76F905B28DA3C9B00C8919A /* Debug */ = {
			isa = XCBuildConfiguration;
			buildSettings = {
				ALWAYS_SEARCH_USER_PATHS = NO;
				CLANG_ANALYZER_NONNULL = YES;
				CLANG_ANALYZER_NUMBER_OBJECT_CONVERSION = YES_AGGRESSIVE;
				CLANG_CXX_LANGUAGE_STANDARD = "gnu++20";
				CLANG_ENABLE_MODULES = YES;
				CLANG_ENABLE_OBJC_ARC = YES;
				CLANG_ENABLE_OBJC_WEAK = YES;
				CLANG_WARN_BLOCK_CAPTURE_AUTORELEASING = YES;
				CLANG_WARN_BOOL_CONVERSION = YES;
				CLANG_WARN_COMMA = YES;
				CLANG_WARN_CONSTANT_CONVERSION = YES;
				CLANG_WARN_DEPRECATED_OBJC_IMPLEMENTATIONS = YES;
				CLANG_WARN_DIRECT_OBJC_ISA_USAGE = YES_ERROR;
				CLANG_WARN_DOCUMENTATION_COMMENTS = YES;
				CLANG_WARN_EMPTY_BODY = YES;
				CLANG_WARN_ENUM_CONVERSION = YES;
				CLANG_WARN_INFINITE_RECURSION = YES;
				CLANG_WARN_INT_CONVERSION = YES;
				CLANG_WARN_NON_LITERAL_NULL_CONVERSION = YES;
				CLANG_WARN_OBJC_IMPLICIT_RETAIN_SELF = YES;
				CLANG_WARN_OBJC_LITERAL_CONVERSION = YES;
				CLANG_WARN_OBJC_ROOT_CLASS = YES_ERROR;
				CLANG_WARN_QUOTED_INCLUDE_IN_FRAMEWORK_HEADER = YES;
				CLANG_WARN_RANGE_LOOP_ANALYSIS = YES;
				CLANG_WARN_STRICT_PROTOTYPES = YES;
				CLANG_WARN_SUSPICIOUS_MOVE = YES;
				CLANG_WARN_UNGUARDED_AVAILABILITY = YES_AGGRESSIVE;
				CLANG_WARN_UNREACHABLE_CODE = YES;
				CLANG_WARN__DUPLICATE_METHOD_MATCH = YES;
				COPY_PHASE_STRIP = NO;
				DEBUG_INFORMATION_FORMAT = dwarf;
				ENABLE_STRICT_OBJC_MSGSEND = YES;
				ENABLE_TESTABILITY = YES;
				GCC_C_LANGUAGE_STANDARD = gnu11;
				GCC_DYNAMIC_NO_PIC = NO;
				GCC_NO_COMMON_BLOCKS = YES;
				GCC_OPTIMIZATION_LEVEL = 0;
				GCC_PREPROCESSOR_DEFINITIONS = (
					"DEBUG=1",
					"$(inherited)",
				);
				GCC_WARN_64_TO_32_BIT_CONVERSION = YES;
				GCC_WARN_ABOUT_RETURN_TYPE = YES_ERROR;
				GCC_WARN_UNDECLARED_SELECTOR = YES;
				GCC_WARN_UNINITIALIZED_AUTOS = YES_AGGRESSIVE;
				GCC_WARN_UNUSED_FUNCTION = YES;
				GCC_WARN_UNUSED_VARIABLE = YES;
				IPHONEOS_DEPLOYMENT_TARGET = 16.0;
				MTL_ENABLE_DEBUG_INFO = INCLUDE_SOURCE;
				MTL_FAST_MATH = YES;
				ONLY_ACTIVE_ARCH = YES;
				SDKROOT = iphoneos;
				SWIFT_ACTIVE_COMPILATION_CONDITIONS = DEBUG;
				SWIFT_OPTIMIZATION_LEVEL = "-Onone";
			};
			name = Debug;
		};
		F76F905C28DA3C9B00C8919A /* Release */ = {
			isa = XCBuildConfiguration;
			buildSettings = {
				ALWAYS_SEARCH_USER_PATHS = NO;
				CLANG_ANALYZER_NONNULL = YES;
				CLANG_ANALYZER_NUMBER_OBJECT_CONVERSION = YES_AGGRESSIVE;
				CLANG_CXX_LANGUAGE_STANDARD = "gnu++20";
				CLANG_ENABLE_MODULES = YES;
				CLANG_ENABLE_OBJC_ARC = YES;
				CLANG_ENABLE_OBJC_WEAK = YES;
				CLANG_WARN_BLOCK_CAPTURE_AUTORELEASING = YES;
				CLANG_WARN_BOOL_CONVERSION = YES;
				CLANG_WARN_COMMA = YES;
				CLANG_WARN_CONSTANT_CONVERSION = YES;
				CLANG_WARN_DEPRECATED_OBJC_IMPLEMENTATIONS = YES;
				CLANG_WARN_DIRECT_OBJC_ISA_USAGE = YES_ERROR;
				CLANG_WARN_DOCUMENTATION_COMMENTS = YES;
				CLANG_WARN_EMPTY_BODY = YES;
				CLANG_WARN_ENUM_CONVERSION = YES;
				CLANG_WARN_INFINITE_RECURSION = YES;
				CLANG_WARN_INT_CONVERSION = YES;
				CLANG_WARN_NON_LITERAL_NULL_CONVERSION = YES;
				CLANG_WARN_OBJC_IMPLICIT_RETAIN_SELF = YES;
				CLANG_WARN_OBJC_LITERAL_CONVERSION = YES;
				CLANG_WARN_OBJC_ROOT_CLASS = YES_ERROR;
				CLANG_WARN_QUOTED_INCLUDE_IN_FRAMEWORK_HEADER = YES;
				CLANG_WARN_RANGE_LOOP_ANALYSIS = YES;
				CLANG_WARN_STRICT_PROTOTYPES = YES;
				CLANG_WARN_SUSPICIOUS_MOVE = YES;
				CLANG_WARN_UNGUARDED_AVAILABILITY = YES_AGGRESSIVE;
				CLANG_WARN_UNREACHABLE_CODE = YES;
				CLANG_WARN__DUPLICATE_METHOD_MATCH = YES;
				COPY_PHASE_STRIP = NO;
				DEBUG_INFORMATION_FORMAT = "dwarf-with-dsym";
				ENABLE_NS_ASSERTIONS = NO;
				ENABLE_STRICT_OBJC_MSGSEND = YES;
				GCC_C_LANGUAGE_STANDARD = gnu11;
				GCC_NO_COMMON_BLOCKS = YES;
				GCC_WARN_64_TO_32_BIT_CONVERSION = YES;
				GCC_WARN_ABOUT_RETURN_TYPE = YES_ERROR;
				GCC_WARN_UNDECLARED_SELECTOR = YES;
				GCC_WARN_UNINITIALIZED_AUTOS = YES_AGGRESSIVE;
				GCC_WARN_UNUSED_FUNCTION = YES;
				GCC_WARN_UNUSED_VARIABLE = YES;
				IPHONEOS_DEPLOYMENT_TARGET = 16.0;
				MTL_ENABLE_DEBUG_INFO = NO;
				MTL_FAST_MATH = YES;
				SDKROOT = iphoneos;
				SWIFT_COMPILATION_MODE = wholemodule;
				SWIFT_OPTIMIZATION_LEVEL = "-O";
				VALIDATE_PRODUCT = YES;
			};
			name = Release;
		};
		F76F905E28DA3C9B00C8919A /* Debug */ = {
			isa = XCBuildConfiguration;
			baseConfigurationReference = 676A9C5184913E74AC565866 /* Pods-SFuentesEcommerce.debug.xcconfig */;
			buildSettings = {
				ASSETCATALOG_COMPILER_APPICON_NAME = AppIcon;
				ASSETCATALOG_COMPILER_GLOBAL_ACCENT_COLOR_NAME = AccentColor;
				CODE_SIGN_STYLE = Automatic;
				CURRENT_PROJECT_VERSION = 1;
				GENERATE_INFOPLIST_FILE = YES;
				INFOPLIST_FILE = SFuentesEcommerce/Info.plist;
				INFOPLIST_KEY_UIApplicationSupportsIndirectInputEvents = YES;
				INFOPLIST_KEY_UILaunchStoryboardName = LaunchScreen;
				INFOPLIST_KEY_UIMainStoryboardFile = Main;
				INFOPLIST_KEY_UISupportedInterfaceOrientations_iPad = "UIInterfaceOrientationPortrait UIInterfaceOrientationPortraitUpsideDown UIInterfaceOrientationLandscapeLeft UIInterfaceOrientationLandscapeRight";
				INFOPLIST_KEY_UISupportedInterfaceOrientations_iPhone = "UIInterfaceOrientationPortrait UIInterfaceOrientationLandscapeLeft UIInterfaceOrientationLandscapeRight";
				LD_RUNPATH_SEARCH_PATHS = (
					"$(inherited)",
					"@executable_path/Frameworks",
				);
				MARKETING_VERSION = 1.0;
				PRODUCT_BUNDLE_IDENTIFIER = com.digis.SFuentesEcommerce;
				PRODUCT_NAME = "$(TARGET_NAME)";
				SWIFT_EMIT_LOC_STRINGS = YES;
				SWIFT_VERSION = 5.0;
				TARGETED_DEVICE_FAMILY = "1,2";
			};
			name = Debug;
		};
		F76F905F28DA3C9B00C8919A /* Release */ = {
			isa = XCBuildConfiguration;
			baseConfigurationReference = 0E84B37B64C33652D7F1E19A /* Pods-SFuentesEcommerce.release.xcconfig */;
			buildSettings = {
				ASSETCATALOG_COMPILER_APPICON_NAME = AppIcon;
				ASSETCATALOG_COMPILER_GLOBAL_ACCENT_COLOR_NAME = AccentColor;
				CODE_SIGN_STYLE = Automatic;
				CURRENT_PROJECT_VERSION = 1;
				GENERATE_INFOPLIST_FILE = YES;
				INFOPLIST_FILE = SFuentesEcommerce/Info.plist;
				INFOPLIST_KEY_UIApplicationSupportsIndirectInputEvents = YES;
				INFOPLIST_KEY_UILaunchStoryboardName = LaunchScreen;
				INFOPLIST_KEY_UIMainStoryboardFile = Main;
				INFOPLIST_KEY_UISupportedInterfaceOrientations_iPad = "UIInterfaceOrientationPortrait UIInterfaceOrientationPortraitUpsideDown UIInterfaceOrientationLandscapeLeft UIInterfaceOrientationLandscapeRight";
				INFOPLIST_KEY_UISupportedInterfaceOrientations_iPhone = "UIInterfaceOrientationPortrait UIInterfaceOrientationLandscapeLeft UIInterfaceOrientationLandscapeRight";
				LD_RUNPATH_SEARCH_PATHS = (
					"$(inherited)",
					"@executable_path/Frameworks",
				);
				MARKETING_VERSION = 1.0;
				PRODUCT_BUNDLE_IDENTIFIER = com.digis.SFuentesEcommerce;
				PRODUCT_NAME = "$(TARGET_NAME)";
				SWIFT_EMIT_LOC_STRINGS = YES;
				SWIFT_VERSION = 5.0;
				TARGETED_DEVICE_FAMILY = "1,2";
			};
			name = Release;
		};
/* End XCBuildConfiguration section */

/* Begin XCConfigurationList section */
		F76F904128DA3C9A00C8919A /* Build configuration list for PBXProject "SFuentesEcommerce" */ = {
			isa = XCConfigurationList;
			buildConfigurations = (
				F76F905B28DA3C9B00C8919A /* Debug */,
				F76F905C28DA3C9B00C8919A /* Release */,
			);
			defaultConfigurationIsVisible = 0;
			defaultConfigurationName = Release;
		};
		F76F905D28DA3C9B00C8919A /* Build configuration list for PBXNativeTarget "SFuentesEcommerce" */ = {
			isa = XCConfigurationList;
			buildConfigurations = (
				F76F905E28DA3C9B00C8919A /* Debug */,
				F76F905F28DA3C9B00C8919A /* Release */,
			);
			defaultConfigurationIsVisible = 0;
			defaultConfigurationName = Release;
		};
/* End XCConfigurationList section */

/* Begin XCRemoteSwiftPackageReference section */
		F72AC57B28FF1C92005B6141 /* XCRemoteSwiftPackageReference "firebase-ios-sdk" */ = {
			isa = XCRemoteSwiftPackageReference;
			repositoryURL = "https://github.com/firebase/firebase-ios-sdk";
			requirement = {
				kind = upToNextMajorVersion;
				minimumVersion = 9.0.0;
			};
		};
/* End XCRemoteSwiftPackageReference section */

/* Begin XCSwiftPackageProductDependency section */
		F72978822901A43800CBA812 /* FirebaseAnalytics */ = {
			isa = XCSwiftPackageProductDependency;
			package = F72AC57B28FF1C92005B6141 /* XCRemoteSwiftPackageReference "firebase-ios-sdk" */;
			productName = FirebaseAnalytics;
		};
		F72AC57C28FF1C92005B6141 /* FirebaseAuth */ = {
			isa = XCSwiftPackageProductDependency;
			package = F72AC57B28FF1C92005B6141 /* XCRemoteSwiftPackageReference "firebase-ios-sdk" */;
			productName = FirebaseAuth;
		};
		F72AC57E28FF1C92005B6141 /* FirebaseFirestore */ = {
			isa = XCSwiftPackageProductDependency;
			package = F72AC57B28FF1C92005B6141 /* XCRemoteSwiftPackageReference "firebase-ios-sdk" */;
			productName = FirebaseFirestore;
		};
/* End XCSwiftPackageProductDependency section */

/* Begin XCVersionGroup section */
		F76F905228DA3C9A00C8919A /* SFuentesEcommerce.xcdatamodeld */ = {
			isa = XCVersionGroup;
			children = (
				F76F905328DA3C9A00C8919A /* SFuentesEcommerce.xcdatamodel */,
			);
			currentVersion = F76F905328DA3C9A00C8919A /* SFuentesEcommerce.xcdatamodel */;
			path = SFuentesEcommerce.xcdatamodeld;
			sourceTree = "<group>";
			versionGroupType = wrapper.xcdatamodel;
		};
/* End XCVersionGroup section */
	};
	rootObject = F76F903E28DA3C9A00C8919A /* Project object */;
}
